
Microsoft Visual Studio Solution File, Format Version 12.00
# Visual Studio 15
VisualStudioVersion = 15.0.28307.1500
MinimumVisualStudioVersion = 10.0.40219.1
Project("{FAE04EC0-301F-11D3-BF4B-00C04F79EFBC}") = "EXAMPLE", "EXAMPLE\EXAMPLE.csproj", "{7DCDBA3F-DB99-47A8-85B5-6E3B5491C30C}"
EndProject
Global
	GlobalSection(SolutionConfigurationPlatforms) = preSolution
		Debug|Any CPU = Debug|Any CPU
		Release|Any CPU = Release|Any CPU
	EndGlobalSection
	GlobalSection(ProjectConfigurationPlatforms) = postSolution
		{7DCDBA3F-DB99-47A8-85B5-6E3B5491C30C}.Debug|Any CPU.ActiveCfg = Debug|Any CPU
		{7DCDBA3F-DB99-47A8-85B5-6E3B5491C30C}.Debug|Any CPU.Build.0 = Debug|Any CPU
		{7DCDBA3F-DB99-47A8-85B5-6E3B5491C30C}.Release|Any CPU.ActiveCfg = Release|Any CPU
		{7DCDBA3F-DB99-47A8-85B5-6E3B5491C30C}.Release|Any CPU.Build.0 = Release|Any CPU
	EndGlobalSection
	GlobalSection(SolutionProperties) = preSolution
		HideSolutionNode = FALSE
	EndGlobalSection
	GlobalSection(ExtensibilityGlobals) = postSolution
		SolutionGuid = {F0427976-3B74-4277-B4B7-0C4C474C5C20}
	EndGlobalSection
EndGlobal
